{
  "version": "3",
  "packages": {
    "specifiers": {
      "npm:@types/node": "npm:@types/node@18.16.19",
      "npm:pdf.js": "npm:pdf.js@0.1.0"
    },
    "npm": {
      "@types/node@18.16.19": {
        "integrity": "sha512-IXl7o+R9iti9eBW4Wg2hx1xQDig183jj7YLn8F7udNceyfkbn1ZxmzZXuak20gR40D7pIkIY1kYGx5VIGbaHKA==",
        "dependencies": {}
      },
      "coffee-script@1.12.7": {
        "integrity": "sha512-fLeEhqwymYat/MpTPUjSKHVYYl0ec2mOyALEMLmzr5i1isuG+6jfI2j2d5oBO3VIzgUXgBVIcOT9uH1TFxBckw==",
        "dependencies": {}
      },
      "pdf.js@0.1.0": {
        "integrity": "sha512-yBBGSI2aYuXCEGY6qHpU/j09P2cjxcCe9E6Qu0W7F6wUYyVD4+vi1aBLbgRJsaxe/DOslqn6dc01RxAvHUhfaw==",
        "dependencies": {
          "coffee-script": "coffee-script@1.12.7"
        }
      }
    }
  },
  "remote": {}
}
